// !$*UTF8*$!
{
	archiveVersion = 1;
	classes = {
	};
	objectVersion = 50;
	objects = {

/* Begin PBXBuildFile section */
		3445E57B25DA92C7004FB12E /* Exercicio18.swift in Sources */ = {isa = PBXBuildFile; fileRef = 3445E57A25DA92C7004FB12E /* Exercicio18.swift */; };
		34AB1C2025D69F82008CBCE0 /* SwiftBolApp.swift in Sources */ = {isa = PBXBuildFile; fileRef = 34AB1C1F25D69F82008CBCE0 /* SwiftBolApp.swift */; };
		34AB1C2225D69F82008CBCE0 /* ContentView.swift in Sources */ = {isa = PBXBuildFile; fileRef = 34AB1C2125D69F82008CBCE0 /* ContentView.swift */; };
		34AB1C2425D69F83008CBCE0 /* Assets.xcassets in Resources */ = {isa = PBXBuildFile; fileRef = 34AB1C2325D69F83008CBCE0 /* Assets.xcassets */; };
		34AB1C2725D69F83008CBCE0 /* Preview Assets.xcassets in Resources */ = {isa = PBXBuildFile; fileRef = 34AB1C2625D69F83008CBCE0 /* Preview Assets.xcassets */; };
		34ACF3BF25DBF6B300B387AD /* Exercicio30.swift in Sources */ = {isa = PBXBuildFile; fileRef = 34ACF3BE25DBF6B300B387AD /* Exercicio30.swift */; };
		34ACF3C225DBF87100B387AD /* Exercicio60.swift in Sources */ = {isa = PBXBuildFile; fileRef = 34ACF3C125DBF87100B387AD /* Exercicio60.swift */; };
		34ACF3C525DBFE4C00B387AD /* Exercicio81.swift in Sources */ = {isa = PBXBuildFile; fileRef = 34ACF3C425DBFE4C00B387AD /* Exercicio81.swift */; };
		34ACF3C825DC01F800B387AD /* Exercicio88.swift in Sources */ = {isa = PBXBuildFile; fileRef = 34ACF3C725DC01F800B387AD /* Exercicio88.swift */; };
/* End PBXBuildFile section */

/* Begin PBXFileReference section */
		3445E57A25DA92C7004FB12E /* Exercicio18.swift */ = {isa = PBXFileReference; lastKnownFileType = sourcecode.swift; path = Exercicio18.swift; sourceTree = "<group>"; };
		34AB1C1C25D69F82008CBCE0 /* SwiftBol.app */ = {isa = PBXFileReference; explicitFileType = wrapper.application; includeInIndex = 0; path = SwiftBol.app; sourceTree = BUILT_PRODUCTS_DIR; };
		34AB1C1F25D69F82008CBCE0 /* SwiftBolApp.swift */ = {isa = PBXFileReference; lastKnownFileType = sourcecode.swift; path = SwiftBolApp.swift; sourceTree = "<group>"; };
		34AB1C2125D69F82008CBCE0 /* ContentView.swift */ = {isa = PBXFileReference; lastKnownFileType = sourcecode.swift; path = ContentView.swift; sourceTree = "<group>"; };
		34AB1C2325D69F83008CBCE0 /* Assets.xcassets */ = {isa = PBXFileReference; lastKnownFileType = folder.assetcatalog; path = Assets.xcassets; sourceTree = "<group>"; };
		34AB1C2625D69F83008CBCE0 /* Preview Assets.xcassets */ = {isa = PBXFileReference; lastKnownFileType = folder.assetcatalog; path = "Preview Assets.xcassets"; sourceTree = "<group>"; };
		34AB1C2825D69F83008CBCE0 /* Info.plist */ = {isa = PBXFileReference; lastKnownFileType = text.plist.xml; path = Info.plist; sourceTree = "<group>"; };
		34ACF3BE25DBF6B300B387AD /* Exercicio30.swift */ = {isa = PBXFileReference; lastKnownFileType = sourcecode.swift; path = Exercicio30.swift; sourceTree = "<group>"; };
		34ACF3C125DBF87100B387AD /* Exercicio60.swift */ = {isa = PBXFileReference; lastKnownFileType = sourcecode.swift; path = Exercicio60.swift; sourceTree = "<group>"; };
		34ACF3C425DBFE4C00B387AD /* Exercicio81.swift */ = {isa = PBXFileReference; lastKnownFileType = sourcecode.swift; path = Exercicio81.swift; sourceTree = "<group>"; };
		34ACF3C725DC01F800B387AD /* Exercicio88.swift */ = {isa = PBXFileReference; lastKnownFileType = sourcecode.swift; path = Exercicio88.swift; sourceTree = "<group>"; };
/* End PBXFileReference section */

/* Begin PBXFrameworksBuildPhase section */
		34AB1C1925D69F82008CBCE0 /* Frameworks */ = {
			isa = PBXFrameworksBuildPhase;
			buildActionMask = 2147483647;
			files = (
			);
			runOnlyForDeploymentPostprocessing = 0;
		};
/* End PBXFrameworksBuildPhase section */

/* Begin PBXGroup section */
		34AB1C1325D69F82008CBCE0 = {
			isa = PBXGroup;
			children = (
				34AB1C2F25D6A2B1008CBCE0 /* Logic */,
				34AB1C1E25D69F82008CBCE0 /* SwiftBol */,
				34AB1C1D25D69F82008CBCE0 /* Products */,
			);
			sourceTree = "<group>";
		};
		34AB1C1D25D69F82008CBCE0 /* Products */ = {
			isa = PBXGroup;
			children = (
				34AB1C1C25D69F82008CBCE0 /* SwiftBol.app */,
			);
			name = Products;
			sourceTree = "<group>";
		};
		34AB1C1E25D69F82008CBCE0 /* SwiftBol */ = {
			isa = PBXGroup;
			children = (
				34AB1C1F25D69F82008CBCE0 /* SwiftBolApp.swift */,
				34AB1C2125D69F82008CBCE0 /* ContentView.swift */,
				34AB1C2325D69F83008CBCE0 /* Assets.xcassets */,
				34AB1C2825D69F83008CBCE0 /* Info.plist */,
				34AB1C2525D69F83008CBCE0 /* Preview Content */,
			);
			path = SwiftBol;
			sourceTree = "<group>";
		};
		34AB1C2525D69F83008CBCE0 /* Preview Content */ = {
			isa = PBXGroup;
			children = (
				34AB1C2625D69F83008CBCE0 /* Preview Assets.xcassets */,
			);
			path = "Preview Content";
			sourceTree = "<group>";
		};
		34AB1C2F25D6A2B1008CBCE0 /* Logic */ = {
			isa = PBXGroup;
			children = (
				34ACF3C125DBF87100B387AD /* Exercicio60.swift */,
				34ACF3C425DBFE4C00B387AD /* Exercicio81.swift */,
				34ACF3C725DC01F800B387AD /* Exercicio88.swift */,
				34ACF3BE25DBF6B300B387AD /* Exercicio30.swift */,
				3445E57A25DA92C7004FB12E /* Exercicio18.swift */,
			);
			path = Logic;
			sourceTree = "<group>";
		};
/* End PBXGroup section */

/* Begin PBXNativeTarget section */
		34AB1C1B25D69F82008CBCE0 /* SwiftBol */ = {
			isa = PBXNativeTarget;
			buildConfigurationList = 34AB1C2B25D69F83008CBCE0 /* Build configuration list for PBXNativeTarget "SwiftBol" */;
			buildPhases = (
				34AB1C1825D69F82008CBCE0 /* Sources */,
				34AB1C1925D69F82008CBCE0 /* Frameworks */,
				34AB1C1A25D69F82008CBCE0 /* Resources */,
			);
			buildRules = (
			);
			dependencies = (
			);
			name = SwiftBol;
			productName = SwiftBol;
			productReference = 34AB1C1C25D69F82008CBCE0 /* SwiftBol.app */;
			productType = "com.apple.product-type.application";
		};
/* End PBXNativeTarget section */

/* Begin PBXProject section */
		34AB1C1425D69F82008CBCE0 /* Project object */ = {
			isa = PBXProject;
			attributes = {
				LastSwiftUpdateCheck = 1240;
				LastUpgradeCheck = 1240;
				TargetAttributes = {
					34AB1C1B25D69F82008CBCE0 = {
						CreatedOnToolsVersion = 12.4;
					};
				};
			};
			buildConfigurationList = 34AB1C1725D69F82008CBCE0 /* Build configuration list for PBXProject "SwiftBol" */;
			compatibilityVersion = "Xcode 9.3";
			developmentRegion = en;
			hasScannedForEncodings = 0;
			knownRegions = (
				en,
				Base,
			);
			mainGroup = 34AB1C1325D69F82008CBCE0;
			productRefGroup = 34AB1C1D25D69F82008CBCE0 /* Products */;
			projectDirPath = "";
			projectRoot = "";
			targets = (
				34AB1C1B25D69F82008CBCE0 /* SwiftBol */,
			);
		};
/* End PBXProject section */

/* Begin PBXResourcesBuildPhase section */
		34AB1C1A25D69F82008CBCE0 /* Resources */ = {
			isa = PBXResourcesBuildPhase;
			buildActionMask = 2147483647;
			files = (
				34AB1C2725D69F83008CBCE0 /* Preview Assets.xcassets in Resources */,
				34AB1C2425D69F83008CBCE0 /* Assets.xcassets in Resources */,
			);
			runOnlyForDeploymentPostprocessing = 0;
		};
/* End PBXResourcesBuildPhase section */

/* Begin PBXSourcesBuildPhase section */
		34AB1C1825D69F82008CBCE0 /* Sources */ = {
			isa = PBXSourcesBuildPhase;
			buildActionMask = 2147483647;
			files = (
				34AB1C2225D69F82008CBCE0 /* ContentView.swift in Sources */,
				34ACF3C225DBF87100B387AD /* Exercicio60.swift in Sources */,
				34ACF3BF25DBF6B300B387AD /* Exercicio30.swift in Sources */,
				34ACF3C525DBFE4C00B387AD /* Exercicio81.swift in Sources */,
				3445E57B25DA92C7004FB12E /* Exercicio18.swift in Sources */,
				34ACF3C825DC01F800B387AD /* Exercicio88.swift in Sources */,
				34AB1C2025D69F82008CBCE0 /* SwiftBolApp.swift in Sources */,
			);
			runOnlyForDeploymentPostprocessing = 0;
		};
/* End PBXSourcesBuildPhase section */

/* Begin XCBuildConfiguration section */
		34AB1C2925D69F83008CBCE0 /* Debug */ = {
			isa = XCBuildConfiguration;
			buildSettings = {
				ALWAYS_SEARCH_USER_PATHS = NO;
				CLANG_ANALYZER_NONNULL = YES;
				CLANG_ANALYZER_NUMBER_OBJECT_CONVERSION = YES_AGGRESSIVE;
				CLANG_CXX_LANGUAGE_STANDARD = "gnu++14";
				CLANG_CXX_LIBRARY = "libc++";
				CLANG_ENABLE_MODULES = YES;
				CLANG_ENABLE_OBJC_ARC = YES;
				CLANG_ENABLE_OBJC_WEAK = YES;
				CLANG_WARN_BLOCK_CAPTURE_AUTORELEASING = YES;
				CLANG_WARN_BOOL_CONVERSION = YES;
				CLANG_WARN_COMMA = YES;
				CLANG_WARN_CONSTANT_CONVERSION = YES;
				CLANG_WARN_DEPRECATED_OBJC_IMPLEMENTATIONS = YES;
				CLANG_WARN_DIRECT_OBJC_ISA_USAGE = YES_ERROR;
				CLANG_WARN_DOCUMENTATION_COMMENTS = YES;
				CLANG_WARN_EMPTY_BODY = YES;
				CLANG_WARN_ENUM_CONVERSION = YES;
				CLANG_WARN_INFINITE_RECURSION = YES;
				CLANG_WARN_INT_CONVERSION = YES;
				CLANG_WARN_NON_LITERAL_NULL_CONVERSION = YES;
				CLANG_WARN_OBJC_IMPLICIT_RETAIN_SELF = YES;
				CLANG_WARN_OBJC_LITERAL_CONVERSION = YES;
				CLANG_WARN_OBJC_ROOT_CLASS = YES_ERROR;
				CLANG_WARN_QUOTED_INCLUDE_IN_FRAMEWORK_HEADER = YES;
				CLANG_WARN_RANGE_LOOP_ANALYSIS = YES;
				CLANG_WARN_STRICT_PROTOTYPES = YES;
				CLANG_WARN_SUSPICIOUS_MOVE = YES;
				CLANG_WARN_UNGUARDED_AVAILABILITY = YES_AGGRESSIVE;
				CLANG_WARN_UNREACHABLE_CODE = YES;
				CLANG_WARN__DUPLICATE_METHOD_MATCH = YES;
				COPY_PHASE_STRIP = NO;
				DEBUG_INFORMATION_FORMAT = dwarf;
				ENABLE_STRICT_OBJC_MSGSEND = YES;
				ENABLE_TESTABILITY = YES;
				GCC_C_LANGUAGE_STANDARD = gnu11;
				GCC_DYNAMIC_NO_PIC = NO;
				GCC_NO_COMMON_BLOCKS = YES;
				GCC_OPTIMIZATION_LEVEL = 0;
				GCC_PREPROCESSOR_DEFINITIONS = (
					"DEBUG=1",
					"$(inherited)",
				);
				GCC_WARN_64_TO_32_BIT_CONVERSION = YES;
				GCC_WARN_ABOUT_RETURN_TYPE = YES_ERROR;
				GCC_WARN_UNDECLARED_SELECTOR = YES;
				GCC_WARN_UNINITIALIZED_AUTOS = YES_AGGRESSIVE;
				GCC_WARN_UNUSED_FUNCTION = YES;
				GCC_WARN_UNUSED_VARIABLE = YES;
				IPHONEOS_DEPLOYMENT_TARGET = 14.4;
				MTL_ENABLE_DEBUG_INFO = INCLUDE_SOURCE;
				MTL_FAST_MATH = YES;
				ONLY_ACTIVE_ARCH = YES;
				SDKROOT = iphoneos;
				SWIFT_ACTIVE_COMPILATION_CONDITIONS = DEBUG;
				SWIFT_OPTIMIZATION_LEVEL = "-Onone";
			};
			name = Debug;
		};
		34AB1C2A25D69F83008CBCE0 /* Release */ = {
			isa = XCBuildConfiguration;
			buildSettings = {
				ALWAYS_SEARCH_USER_PATHS = NO;
				CLANG_ANALYZER_NONNULL = YES;
				CLANG_ANALYZER_NUMBER_OBJECT_CONVERSION = YES_AGGRESSIVE;
				CLANG_CXX_LANGUAGE_STANDARD = "gnu++14";
				CLANG_CXX_LIBRARY = "libc++";
				CLANG_ENABLE_MODULES = YES;
				CLANG_ENABLE_OBJC_ARC = YES;
				CLANG_ENABLE_OBJC_WEAK = YES;
				CLANG_WARN_BLOCK_CAPTURE_AUTORELEASING = YES;
				CLANG_WARN_BOOL_CONVERSION = YES;
				CLANG_WARN_COMMA = YES;
				CLANG_WARN_CONSTANT_CONVERSION = YES;
				CLANG_WARN_DEPRECATED_OBJC_IMPLEMENTATIONS = YES;
				CLANG_WARN_DIRECT_OBJC_ISA_USAGE = YES_ERROR;
				CLANG_WARN_DOCUMENTATION_COMMENTS = YES;
				CLANG_WARN_EMPTY_BODY = YES;
				CLANG_WARN_ENUM_CONVERSION = YES;
				CLANG_WARN_INFINITE_RECURSION = YES;
				CLANG_WARN_INT_CONVERSION = YES;
				CLANG_WARN_NON_LITERAL_NULL_CONVERSION = YES;
				CLANG_WARN_OBJC_IMPLICIT_RETAIN_SELF = YES;
				CLANG_WARN_OBJC_LITERAL_CONVERSION = YES;
				CLANG_WARN_OBJC_ROOT_CLASS = YES_ERROR;
				CLANG_WARN_QUOTED_INCLUDE_IN_FRAMEWORK_HEADER = YES;
				CLANG_WARN_RANGE_LOOP_ANALYSIS = YES;
				CLANG_WARN_STRICT_PROTOTYPES = YES;
				CLANG_WARN_SUSPICIOUS_MOVE = YES;
				CLANG_WARN_UNGUARDED_AVAILABILITY = YES_AGGRESSIVE;
				CLANG_WARN_UNREACHABLE_CODE = YES;
				CLANG_WARN__DUPLICATE_METHOD_MATCH = YES;
				COPY_PHASE_STRIP = NO;
				DEBUG_INFORMATION_FORMAT = "dwarf-with-dsym";
				ENABLE_NS_ASSERTIONS = NO;
				ENABLE_STRICT_OBJC_MSGSEND = YES;
				GCC_C_LANGUAGE_STANDARD = gnu11;
				GCC_NO_COMMON_BLOCKS = YES;
				GCC_WARN_64_TO_32_BIT_CONVERSION = YES;
				GCC_WARN_ABOUT_RETURN_TYPE = YES_ERROR;
				GCC_WARN_UNDECLARED_SELECTOR = YES;
				GCC_WARN_UNINITIALIZED_AUTOS = YES_AGGRESSIVE;
				GCC_WARN_UNUSED_FUNCTION = YES;
				GCC_WARN_UNUSED_VARIABLE = YES;
				IPHONEOS_DEPLOYMENT_TARGET = 14.4;
				MTL_ENABLE_DEBUG_INFO = NO;
				MTL_FAST_MATH = YES;
				SDKROOT = iphoneos;
				SWIFT_COMPILATION_MODE = wholemodule;
				SWIFT_OPTIMIZATION_LEVEL = "-O";
				VALIDATE_PRODUCT = YES;
			};
			name = Release;
		};
		34AB1C2C25D69F83008CBCE0 /* Debug */ = {
			isa = XCBuildConfiguration;
			buildSettings = {
				ASSETCATALOG_COMPILER_APPICON_NAME = AppIcon;
				ASSETCATALOG_COMPILER_GLOBAL_ACCENT_COLOR_NAME = AccentColor;
				CODE_SIGN_STYLE = Automatic;
				DEVELOPMENT_ASSET_PATHS = "\"SwiftBol/Preview Content\"";
				ENABLE_PREVIEWS = YES;
				INFOPLIST_FILE = SwiftBol/Info.plist;
				IPHONEOS_DEPLOYMENT_TARGET = 14.0;
				LD_RUNPATH_SEARCH_PATHS = (
					"$(inherited)",
					"@executable_path/Frameworks",
				);
				PRODUCT_BUNDLE_IDENTIFIER = amasiero.SwiftBol;
				PRODUCT_NAME = "$(TARGET_NAME)";
				SWIFT_VERSION = 5.0;
				TARGETED_DEVICE_FAMILY = "1,2";
			};
			name = Debug;
		};
		34AB1C2D25D69F83008CBCE0 /* Release */ = {
			isa = XCBuildConfiguration;
			buildSettings = {
				ASSETCATALOG_COMPILER_APPICON_NAME = AppIcon;
				ASSETCATALOG_COMPILER_GLOBAL_ACCENT_COLOR_NAME = AccentColor;
				CODE_SIGN_STYLE = Automatic;
				DEVELOPMENT_ASSET_PATHS = "\"SwiftBol/Preview Content\"";
				ENABLE_PREVIEWS = YES;
				INFOPLIST_FILE = SwiftBol/Info.plist;
				IPHONEOS_DEPLOYMENT_TARGET = 14.0;
				LD_RUNPATH_SEARCH_PATHS = (
					"$(inherited)",
					"@executable_path/Frameworks",
				);
				PRODUCT_BUNDLE_IDENTIFIER = amasiero.SwiftBol;
				PRODUCT_NAME = "$(TARGET_NAME)";
				SWIFT_VERSION = 5.0;
				TARGETED_DEVICE_FAMILY = "1,2";
			};
			name = Release;
		};
/* End XCBuildConfiguration section */

/* Begin XCConfigurationList section */
		34AB1C1725D69F82008CBCE0 /* Build configuration list for PBXProject "SwiftBol" */ = {
			isa = XCConfigurationList;
			buildConfigurations = (
				34AB1C2925D69F83008CBCE0 /* Debug */,
				34AB1C2A25D69F83008CBCE0 /* Release */,
			);
			defaultConfigurationIsVisible = 0;
			defaultConfigurationName = Release;
		};
		34AB1C2B25D69F83008CBCE0 /* Build configuration list for PBXNativeTarget "SwiftBol" */ = {
			isa = XCConfigurationList;
			buildConfigurations = (
				34AB1C2C25D69F83008CBCE0 /* Debug */,
				34AB1C2D25D69F83008CBCE0 /* Release */,
			);
			defaultConfigurationIsVisible = 0;
			defaultConfigurationName = Release;
		};
/* End XCConfigurationList section */
	};
	rootObject = 34AB1C1425D69F82008CBCE0 /* Project object */;
}
